// !$*UTF8*$!
{
	archiveVersion = 1;
	classes = {
	};
	objectVersion = 46;
	objects = {

/* Begin PBXBuildFile section */
		F1575ECB1DCFED7E00F09782 /* AppDelegate.swift in Sources */ = {isa = PBXBuildFile; fileRef = F1575ECA1DCFED7E00F09782 /* AppDelegate.swift */; };
		F1575ECD1DCFED7E00F09782 /* ViewController.swift in Sources */ = {isa = PBXBuildFile; fileRef = F1575ECC1DCFED7E00F09782 /* ViewController.swift */; };
		F1575ED01DCFED7E00F09782 /* Main.storyboard in Resources */ = {isa = PBXBuildFile; fileRef = F1575ECE1DCFED7E00F09782 /* Main.storyboard */; };
		F1575ED21DCFED7E00F09782 /* Assets.xcassets in Resources */ = {isa = PBXBuildFile; fileRef = F1575ED11DCFED7E00F09782 /* Assets.xcassets */; };
		F1575ED51DCFED7E00F09782 /* LaunchScreen.storyboard in Resources */ = {isa = PBXBuildFile; fileRef = F1575ED31DCFED7E00F09782 /* LaunchScreen.storyboard */; };
		F1575EE01DCFED7E00F09782 /* Assignment_Day6_KienND9_SearchbarTests.swift in Sources */ = {isa = PBXBuildFile; fileRef = F1575EDF1DCFED7E00F09782 /* Assignment_Day6_KienND9_SearchbarTests.swift */; };
		F1575EEB1DCFED7E00F09782 /* Assignment_Day6_KienND9_SearchbarUITests.swift in Sources */ = {isa = PBXBuildFile; fileRef = F1575EEA1DCFED7E00F09782 /* Assignment_Day6_KienND9_SearchbarUITests.swift */; };
/* End PBXBuildFile section */

/* Begin PBXContainerItemProxy section */
		F1575EDC1DCFED7E00F09782 /* PBXContainerItemProxy */ = {
			isa = PBXContainerItemProxy;
			containerPortal = F1575EBF1DCFED7E00F09782 /* Project object */;
			proxyType = 1;
			remoteGlobalIDString = F1575EC61DCFED7E00F09782;
			remoteInfo = Assignment_Day6_KienND9_Searchbar;
		};
		F1575EE71DCFED7E00F09782 /* PBXContainerItemProxy */ = {
			isa = PBXContainerItemProxy;
			containerPortal = F1575EBF1DCFED7E00F09782 /* Project object */;
			proxyType = 1;
			remoteGlobalIDString = F1575EC61DCFED7E00F09782;
			remoteInfo = Assignment_Day6_KienND9_Searchbar;
		};
/* End PBXContainerItemProxy section */

/* Begin PBXFileReference section */
		F1575EC71DCFED7E00F09782 /* Assignment_Day6_KienND9_Searchbar.app */ = {isa = PBXFileReference; explicitFileType = wrapper.application; includeInIndex = 0; path = Assignment_Day6_KienND9_Searchbar.app; sourceTree = BUILT_PRODUCTS_DIR; };
		F1575ECA1DCFED7E00F09782 /* AppDelegate.swift */ = {isa = PBXFileReference; lastKnownFileType = sourcecode.swift; path = AppDelegate.swift; sourceTree = "<group>"; };
		F1575ECC1DCFED7E00F09782 /* ViewController.swift */ = {isa = PBXFileReference; lastKnownFileType = sourcecode.swift; path = ViewController.swift; sourceTree = "<group>"; };
		F1575ECF1DCFED7E00F09782 /* Base */ = {isa = PBXFileReference; lastKnownFileType = file.storyboard; name = Base; path = Base.lproj/Main.storyboard; sourceTree = "<group>"; };
		F1575ED11DCFED7E00F09782 /* Assets.xcassets */ = {isa = PBXFileReference; lastKnownFileType = folder.assetcatalog; path = Assets.xcassets; sourceTree = "<group>"; };
		F1575ED41DCFED7E00F09782 /* Base */ = {isa = PBXFileReference; lastKnownFileType = file.storyboard; name = Base; path = Base.lproj/LaunchScreen.storyboard; sourceTree = "<group>"; };
		F1575ED61DCFED7E00F09782 /* Info.plist */ = {isa = PBXFileReference; lastKnownFileType = text.plist.xml; path = Info.plist; sourceTree = "<group>"; };
		F1575EDB1DCFED7E00F09782 /* Assignment_Day6_KienND9_SearchbarTests.xctest */ = {isa = PBXFileReference; explicitFileType = wrapper.cfbundle; includeInIndex = 0; path = Assignment_Day6_KienND9_SearchbarTests.xctest; sourceTree = BUILT_PRODUCTS_DIR; };
		F1575EDF1DCFED7E00F09782 /* Assignment_Day6_KienND9_SearchbarTests.swift */ = {isa = PBXFileReference; lastKnownFileType = sourcecode.swift; path = Assignment_Day6_KienND9_SearchbarTests.swift; sourceTree = "<group>"; };
		F1575EE11DCFED7E00F09782 /* Info.plist */ = {isa = PBXFileReference; lastKnownFileType = text.plist.xml; path = Info.plist; sourceTree = "<group>"; };
		F1575EE61DCFED7E00F09782 /* Assignment_Day6_KienND9_SearchbarUITests.xctest */ = {isa = PBXFileReference; explicitFileType = wrapper.cfbundle; includeInIndex = 0; path = Assignment_Day6_KienND9_SearchbarUITests.xctest; sourceTree = BUILT_PRODUCTS_DIR; };
		F1575EEA1DCFED7E00F09782 /* Assignment_Day6_KienND9_SearchbarUITests.swift */ = {isa = PBXFileReference; lastKnownFileType = sourcecode.swift; path = Assignment_Day6_KienND9_SearchbarUITests.swift; sourceTree = "<group>"; };
		F1575EEC1DCFED7E00F09782 /* Info.plist */ = {isa = PBXFileReference; lastKnownFileType = text.plist.xml; path = Info.plist; sourceTree = "<group>"; };
/* End PBXFileReference section */

/* Begin PBXFrameworksBuildPhase section */
		F1575EC41DCFED7E00F09782 /* Frameworks */ = {
			isa = PBXFrameworksBuildPhase;
			buildActionMask = 2147483647;
			files = (
			);
			runOnlyForDeploymentPostprocessing = 0;
		};
		F1575ED81DCFED7E00F09782 /* Frameworks */ = {
			isa = PBXFrameworksBuildPhase;
			buildActionMask = 2147483647;
			files = (
			);
			runOnlyForDeploymentPostprocessing = 0;
		};
		F1575EE31DCFED7E00F09782 /* Frameworks */ = {
			isa = PBXFrameworksBuildPhase;
			buildActionMask = 2147483647;
			files = (
			);
			runOnlyForDeploymentPostprocessing = 0;
		};
/* End PBXFrameworksBuildPhase section */

/* Begin PBXGroup section */
		F1575EBE1DCFED7E00F09782 = {
			isa = PBXGroup;
			children = (
				F1575EC91DCFED7E00F09782 /* Assignment_Day6_KienND9_Searchbar */,
				F1575EDE1DCFED7E00F09782 /* Assignment_Day6_KienND9_SearchbarTests */,
				F1575EE91DCFED7E00F09782 /* Assignment_Day6_KienND9_SearchbarUITests */,
				F1575EC81DCFED7E00F09782 /* Products */,
			);
			sourceTree = "<group>";
		};
		F1575EC81DCFED7E00F09782 /* Products */ = {
			isa = PBXGroup;
			children = (
				F1575EC71DCFED7E00F09782 /* Assignment_Day6_KienND9_Searchbar.app */,
				F1575EDB1DCFED7E00F09782 /* Assignment_Day6_KienND9_SearchbarTests.xctest */,
				F1575EE61DCFED7E00F09782 /* Assignment_Day6_KienND9_SearchbarUITests.xctest */,
			);
			name = Products;
			sourceTree = "<group>";
		};
		F1575EC91DCFED7E00F09782 /* Assignment_Day6_KienND9_Searchbar */ = {
			isa = PBXGroup;
			children = (
				F1575ECA1DCFED7E00F09782 /* AppDelegate.swift */,
				F1575ECC1DCFED7E00F09782 /* ViewController.swift */,
				F1575ECE1DCFED7E00F09782 /* Main.storyboard */,
				F1575ED11DCFED7E00F09782 /* Assets.xcassets */,
				F1575ED31DCFED7E00F09782 /* LaunchScreen.storyboard */,
				F1575ED61DCFED7E00F09782 /* Info.plist */,
			);
			path = Assignment_Day6_KienND9_Searchbar;
			sourceTree = "<group>";
		};
		F1575EDE1DCFED7E00F09782 /* Assignment_Day6_KienND9_SearchbarTests */ = {
			isa = PBXGroup;
			children = (
				F1575EDF1DCFED7E00F09782 /* Assignment_Day6_KienND9_SearchbarTests.swift */,
				F1575EE11DCFED7E00F09782 /* Info.plist */,
			);
			path = Assignment_Day6_KienND9_SearchbarTests;
			sourceTree = "<group>";
		};
		F1575EE91DCFED7E00F09782 /* Assignment_Day6_KienND9_SearchbarUITests */ = {
			isa = PBXGroup;
			children = (
				F1575EEA1DCFED7E00F09782 /* Assignment_Day6_KienND9_SearchbarUITests.swift */,
				F1575EEC1DCFED7E00F09782 /* Info.plist */,
			);
			path = Assignment_Day6_KienND9_SearchbarUITests;
			sourceTree = "<group>";
		};
/* End PBXGroup section */

/* Begin PBXNativeTarget section */
		F1575EC61DCFED7E00F09782 /* Assignment_Day6_KienND9_Searchbar */ = {
			isa = PBXNativeTarget;
			buildConfigurationList = F1575EEF1DCFED7E00F09782 /* Build configuration list for PBXNativeTarget "Assignment_Day6_KienND9_Searchbar" */;
			buildPhases = (
				F1575EC31DCFED7E00F09782 /* Sources */,
				F1575EC41DCFED7E00F09782 /* Frameworks */,
				F1575EC51DCFED7E00F09782 /* Resources */,
			);
			buildRules = (
			);
			dependencies = (
			);
			name = Assignment_Day6_KienND9_Searchbar;
			productName = Assignment_Day6_KienND9_Searchbar;
			productReference = F1575EC71DCFED7E00F09782 /* Assignment_Day6_KienND9_Searchbar.app */;
			productType = "com.apple.product-type.application";
		};
		F1575EDA1DCFED7E00F09782 /* Assignment_Day6_KienND9_SearchbarTests */ = {
			isa = PBXNativeTarget;
			buildConfigurationList = F1575EF21DCFED7E00F09782 /* Build configuration list for PBXNativeTarget "Assignment_Day6_KienND9_SearchbarTests" */;
			buildPhases = (
				F1575ED71DCFED7E00F09782 /* Sources */,
				F1575ED81DCFED7E00F09782 /* Frameworks */,
				F1575ED91DCFED7E00F09782 /* Resources */,
			);
			buildRules = (
			);
			dependencies = (
				F1575EDD1DCFED7E00F09782 /* PBXTargetDependency */,
			);
			name = Assignment_Day6_KienND9_SearchbarTests;
			productName = Assignment_Day6_KienND9_SearchbarTests;
			productReference = F1575EDB1DCFED7E00F09782 /* Assignment_Day6_KienND9_SearchbarTests.xctest */;
			productType = "com.apple.product-type.bundle.unit-test";
		};
		F1575EE51DCFED7E00F09782 /* Assignment_Day6_KienND9_SearchbarUITests */ = {
			isa = PBXNativeTarget;
			buildConfigurationList = F1575EF51DCFED7E00F09782 /* Build configuration list for PBXNativeTarget "Assignment_Day6_KienND9_SearchbarUITests" */;
			buildPhases = (
				F1575EE21DCFED7E00F09782 /* Sources */,
				F1575EE31DCFED7E00F09782 /* Frameworks */,
				F1575EE41DCFED7E00F09782 /* Resources */,
			);
			buildRules = (
			);
			dependencies = (
				F1575EE81DCFED7E00F09782 /* PBXTargetDependency */,
			);
			name = Assignment_Day6_KienND9_SearchbarUITests;
			productName = Assignment_Day6_KienND9_SearchbarUITests;
			productReference = F1575EE61DCFED7E00F09782 /* Assignment_Day6_KienND9_SearchbarUITests.xctest */;
			productType = "com.apple.product-type.bundle.ui-testing";
		};
/* End PBXNativeTarget section */

/* Begin PBXProject section */
		F1575EBF1DCFED7E00F09782 /* Project object */ = {
			isa = PBXProject;
			attributes = {
				LastSwiftUpdateCheck = 0730;
				LastUpgradeCheck = 0730;
				ORGANIZATIONNAME = "Kien Nguyen Dang";
				TargetAttributes = {
					F1575EC61DCFED7E00F09782 = {
						CreatedOnToolsVersion = 7.3.1;
					};
					F1575EDA1DCFED7E00F09782 = {
						CreatedOnToolsVersion = 7.3.1;
						TestTargetID = F1575EC61DCFED7E00F09782;
					};
					F1575EE51DCFED7E00F09782 = {
						CreatedOnToolsVersion = 7.3.1;
						TestTargetID = F1575EC61DCFED7E00F09782;
					};
				};
			};
			buildConfigurationList = F1575EC21DCFED7E00F09782 /* Build configuration list for PBXProject "Assignment_Day6_KienND9_Searchbar" */;
			compatibilityVersion = "Xcode 3.2";
			developmentRegion = English;
			hasScannedForEncodings = 0;
			knownRegions = (
				en,
				Base,
			);
			mainGroup = F1575EBE1DCFED7E00F09782;
			productRefGroup = F1575EC81DCFED7E00F09782 /* Products */;
			projectDirPath = "";
			projectRoot = "";
			targets = (
				F1575EC61DCFED7E00F09782 /* Assignment_Day6_KienND9_Searchbar */,
				F1575EDA1DCFED7E00F09782 /* Assignment_Day6_KienND9_SearchbarTests */,
				F1575EE51DCFED7E00F09782 /* Assignment_Day6_KienND9_SearchbarUITests */,
			);
		};
/* End PBXProject section */

/* Begin PBXResourcesBuildPhase section */
		F1575EC51DCFED7E00F09782 /* Resources */ = {
			isa = PBXResourcesBuildPhase;
			buildActionMask = 2147483647;
			files = (
				F1575ED51DCFED7E00F09782 /* LaunchScreen.storyboard in Resources */,
				F1575ED21DCFED7E00F09782 /* Assets.xcassets in Resources */,
				F1575ED01DCFED7E00F09782 /* Main.storyboard in Resources */,
			);
			runOnlyForDeploymentPostprocessing = 0;
		};
		F1575ED91DCFED7E00F09782 /* Resources */ = {
			isa = PBXResourcesBuildPhase;
			buildActionMask = 2147483647;
			files = (
			);
			runOnlyForDeploymentPostprocessing = 0;
		};
		F1575EE41DCFED7E00F09782 /* Resources */ = {
			isa = PBXResourcesBuildPhase;
			buildActionMask = 2147483647;
			files = (
			);
			runOnlyForDeploymentPostprocessing = 0;
		};
/* End PBXResourcesBuildPhase section */

/* Begin PBXSourcesBuildPhase section */
		F1575EC31DCFED7E00F09782 /* Sources */ = {
			isa = PBXSourcesBuildPhase;
			buildActionMask = 2147483647;
			files = (
				F1575ECD1DCFED7E00F09782 /* ViewController.swift in Sources */,
				F1575ECB1DCFED7E00F09782 /* AppDelegate.swift in Sources */,
			);
			runOnlyForDeploymentPostprocessing = 0;
		};
		F1575ED71DCFED7E00F09782 /* Sources */ = {
			isa = PBXSourcesBuildPhase;
			buildActionMask = 2147483647;
			files = (
				F1575EE01DCFED7E00F09782 /* Assignment_Day6_KienND9_SearchbarTests.swift in Sources */,
			);
			runOnlyForDeploymentPostprocessing = 0;
		};
		F1575EE21DCFED7E00F09782 /* Sources */ = {
			isa = PBXSourcesBuildPhase;
			buildActionMask = 2147483647;
			files = (
				F1575EEB1DCFED7E00F09782 /* Assignment_Day6_KienND9_SearchbarUITests.swift in Sources */,
			);
			runOnlyForDeploymentPostprocessing = 0;
		};
/* End PBXSourcesBuildPhase section */

/* Begin PBXTargetDependency section */
		F1575EDD1DCFED7E00F09782 /* PBXTargetDependency */ = {
			isa = PBXTargetDependency;
			target = F1575EC61DCFED7E00F09782 /* Assignment_Day6_KienND9_Searchbar */;
			targetProxy = F1575EDC1DCFED7E00F09782 /* PBXContainerItemProxy */;
		};
		F1575EE81DCFED7E00F09782 /* PBXTargetDependency */ = {
			isa = PBXTargetDependency;
			target = F1575EC61DCFED7E00F09782 /* Assignment_Day6_KienND9_Searchbar */;
			targetProxy = F1575EE71DCFED7E00F09782 /* PBXContainerItemProxy */;
		};
/* End PBXTargetDependency section */

/* Begin PBXVariantGroup section */
		F1575ECE1DCFED7E00F09782 /* Main.storyboard */ = {
			isa = PBXVariantGroup;
			children = (
				F1575ECF1DCFED7E00F09782 /* Base */,
			);
			name = Main.storyboard;
			sourceTree = "<group>";
		};
		F1575ED31DCFED7E00F09782 /* LaunchScreen.storyboard */ = {
			isa = PBXVariantGroup;
			children = (
				F1575ED41DCFED7E00F09782 /* Base */,
			);
			name = LaunchScreen.storyboard;
			sourceTree = "<group>";
		};
/* End PBXVariantGroup section */

/* Begin XCBuildConfiguration section */
		F1575EED1DCFED7E00F09782 /* Debug */ = {
			isa = XCBuildConfiguration;
			buildSettings = {
				ALWAYS_SEARCH_USER_PATHS = NO;
				CLANG_ANALYZER_NONNULL = YES;
				CLANG_CXX_LANGUAGE_STANDARD = "gnu++0x";
				CLANG_CXX_LIBRARY = "libc++";
				CLANG_ENABLE_MODULES = YES;
				CLANG_ENABLE_OBJC_ARC = YES;
				CLANG_WARN_BOOL_CONVERSION = YES;
				CLANG_WARN_CONSTANT_CONVERSION = YES;
				CLANG_WARN_DIRECT_OBJC_ISA_USAGE = YES_ERROR;
				CLANG_WARN_EMPTY_BODY = YES;
				CLANG_WARN_ENUM_CONVERSION = YES;
				CLANG_WARN_INT_CONVERSION = YES;
				CLANG_WARN_OBJC_ROOT_CLASS = YES_ERROR;
				CLANG_WARN_UNREACHABLE_CODE = YES;
				CLANG_WARN__DUPLICATE_METHOD_MATCH = YES;
				"CODE_SIGN_IDENTITY[sdk=iphoneos*]" = "iPhone Developer";
				COPY_PHASE_STRIP = NO;
				DEBUG_INFORMATION_FORMAT = dwarf;
				ENABLE_STRICT_OBJC_MSGSEND = YES;
				ENABLE_TESTABILITY = YES;
				GCC_C_LANGUAGE_STANDARD = gnu99;
				GCC_DYNAMIC_NO_PIC = NO;
				GCC_NO_COMMON_BLOCKS = YES;
				GCC_OPTIMIZATION_LEVEL = 0;
				GCC_PREPROCESSOR_DEFINITIONS = (
					"DEBUG=1",
					"$(inherited)",
				);
				GCC_WARN_64_TO_32_BIT_CONVERSION = YES;
				GCC_WARN_ABOUT_RETURN_TYPE = YES_ERROR;
				GCC_WARN_UNDECLARED_SELECTOR = YES;
				GCC_WARN_UNINITIALIZED_AUTOS = YES_AGGRESSIVE;
				GCC_WARN_UNUSED_FUNCTION = YES;
				GCC_WARN_UNUSED_VARIABLE = YES;
				IPHONEOS_DEPLOYMENT_TARGET = 9.3;
				MTL_ENABLE_DEBUG_INFO = YES;
				ONLY_ACTIVE_ARCH = YES;
				SDKROOT = iphoneos;
				SWIFT_OPTIMIZATION_LEVEL = "-Onone";
				TARGETED_DEVICE_FAMILY = "1,2";
			};
			name = Debug;
		};
		F1575EEE1DCFED7E00F09782 /* Release */ = {
			isa = XCBuildConfiguration;
			buildSettings = {
				ALWAYS_SEARCH_USER_PATHS = NO;
				CLANG_ANALYZER_NONNULL = YES;
				CLANG_CXX_LANGUAGE_STANDARD = "gnu++0x";
				CLANG_CXX_LIBRARY = "libc++";
				CLANG_ENABLE_MODULES = YES;
				CLANG_ENABLE_OBJC_ARC = YES;
				CLANG_WARN_BOOL_CONVERSION = YES;
				CLANG_WARN_CONSTANT_CONVERSION = YES;
				CLANG_WARN_DIRECT_OBJC_ISA_USAGE = YES_ERROR;
				CLANG_WARN_EMPTY_BODY = YES;
				CLANG_WARN_ENUM_CONVERSION = YES;
				CLANG_WARN_INT_CONVERSION = YES;
				CLANG_WARN_OBJC_ROOT_CLASS = YES_ERROR;
				CLANG_WARN_UNREACHABLE_CODE = YES;
				CLANG_WARN__DUPLICATE_METHOD_MATCH = YES;
				"CODE_SIGN_IDENTITY[sdk=iphoneos*]" = "iPhone Developer";
				COPY_PHASE_STRIP = NO;
				DEBUG_INFORMATION_FORMAT = "dwarf-with-dsym";
				ENABLE_NS_ASSERTIONS = NO;
				ENABLE_STRICT_OBJC_MSGSEND = YES;
				GCC_C_LANGUAGE_STANDARD = gnu99;
				GCC_NO_COMMON_BLOCKS = YES;
				GCC_WARN_64_TO_32_BIT_CONVERSION = YES;
				GCC_WARN_ABOUT_RETURN_TYPE = YES_ERROR;
				GCC_WARN_UNDECLARED_SELECTOR = YES;
				GCC_WARN_UNINITIALIZED_AUTOS = YES_AGGRESSIVE;
				GCC_WARN_UNUSED_FUNCTION = YES;
				GCC_WARN_UNUSED_VARIABLE = YES;
				IPHONEOS_DEPLOYMENT_TARGET = 9.3;
				MTL_ENABLE_DEBUG_INFO = NO;
				SDKROOT = iphoneos;
				TARGETED_DEVICE_FAMILY = "1,2";
				VALIDATE_PRODUCT = YES;
			};
			name = Release;
		};
		F1575EF01DCFED7E00F09782 /* Debug */ = {
			isa = XCBuildConfiguration;
			buildSettings = {
				ASSETCATALOG_COMPILER_APPICON_NAME = AppIcon;
				INFOPLIST_FILE = Assignment_Day6_KienND9_Searchbar/Info.plist;
				LD_RUNPATH_SEARCH_PATHS = "$(inherited) @executable_path/Frameworks";
				PRODUCT_BUNDLE_IDENTIFIER = "IOS-50.Assignment-Day6-KienND9-Searchbar";
				PRODUCT_NAME = "$(TARGET_NAME)";
			};
			name = Debug;
		};
		F1575EF11DCFED7E00F09782 /* Release */ = {
			isa = XCBuildConfiguration;
			buildSettings = {
				ASSETCATALOG_COMPILER_APPICON_NAME = AppIcon;
				INFOPLIST_FILE = Assignment_Day6_KienND9_Searchbar/Info.plist;
				LD_RUNPATH_SEARCH_PATHS = "$(inherited) @executable_path/Frameworks";
				PRODUCT_BUNDLE_IDENTIFIER = "IOS-50.Assignment-Day6-KienND9-Searchbar";
				PRODUCT_NAME = "$(TARGET_NAME)";
			};
			name = Release;
		};
		F1575EF31DCFED7E00F09782 /* Debug */ = {
			isa = XCBuildConfiguration;
			buildSettings = {
				BUNDLE_LOADER = "$(TEST_HOST)";
				INFOPLIST_FILE = Assignment_Day6_KienND9_SearchbarTests/Info.plist;
				LD_RUNPATH_SEARCH_PATHS = "$(inherited) @executable_path/Frameworks @loader_path/Frameworks";
				PRODUCT_BUNDLE_IDENTIFIER = "IOS-50.Assignment-Day6-KienND9-SearchbarTests";
				PRODUCT_NAME = "$(TARGET_NAME)";
				TEST_HOST = "$(BUILT_PRODUCTS_DIR)/Assignment_Day6_KienND9_Searchbar.app/Assignment_Day6_KienND9_Searchbar";
			};
			name = Debug;
		};
		F1575EF41DCFED7E00F09782 /* Release */ = {
			isa = XCBuildConfiguration;
			buildSettings = {
				BUNDLE_LOADER = "$(TEST_HOST)";
				INFOPLIST_FILE = Assignment_Day6_KienND9_SearchbarTests/Info.plist;
				LD_RUNPATH_SEARCH_PATHS = "$(inherited) @executable_path/Frameworks @loader_path/Frameworks";
				PRODUCT_BUNDLE_IDENTIFIER = "IOS-50.Assignment-Day6-KienND9-SearchbarTests";
				PRODUCT_NAME = "$(TARGET_NAME)";
				TEST_HOST = "$(BUILT_PRODUCTS_DIR)/Assignment_Day6_KienND9_Searchbar.app/Assignment_Day6_KienND9_Searchbar";
			};
			name = Release;
		};
		F1575EF61DCFED7E00F09782 /* Debug */ = {
			isa = XCBuildConfiguration;
			buildSettings = {
				INFOPLIST_FILE = Assignment_Day6_KienND9_SearchbarUITests/Info.plist;
				LD_RUNPATH_SEARCH_PATHS = "$(inherited) @executable_path/Frameworks @loader_path/Frameworks";
				PRODUCT_BUNDLE_IDENTIFIER = "IOS-50.Assignment-Day6-KienND9-SearchbarUITests";
				PRODUCT_NAME = "$(TARGET_NAME)";
				TEST_TARGET_NAME = Assignment_Day6_KienND9_Searchbar;
			};
			name = Debug;
		};
		F1575EF71DCFED7E00F09782 /* Release */ = {
			isa = XCBuildConfiguration;
			buildSettings = {
				INFOPLIST_FILE = Assignment_Day6_KienND9_SearchbarUITests/Info.plist;
				LD_RUNPATH_SEARCH_PATHS = "$(inherited) @executable_path/Frameworks @loader_path/Frameworks";
				PRODUCT_BUNDLE_IDENTIFIER = "IOS-50.Assignment-Day6-KienND9-SearchbarUITests";
				PRODUCT_NAME = "$(TARGET_NAME)";
				TEST_TARGET_NAME = Assignment_Day6_KienND9_Searchbar;
			};
			name = Release;
		};
/* End XCBuildConfiguration section */

/* Begin XCConfigurationList section */
		F1575EC21DCFED7E00F09782 /* Build configuration list for PBXProject "Assignment_Day6_KienND9_Searchbar" */ = {
			isa = XCConfigurationList;
			buildConfigurations = (
				F1575EED1DCFED7E00F09782 /* Debug */,
				F1575EEE1DCFED7E00F09782 /* Release */,
			);
			defaultConfigurationIsVisible = 0;
			defaultConfigurationName = Release;
		};
		F1575EEF1DCFED7E00F09782 /* Build configuration list for PBXNativeTarget "Assignment_Day6_KienND9_Searchbar" */ = {
			isa = XCConfigurationList;
			buildConfigurations = (
				F1575EF01DCFED7E00F09782 /* Debug */,
				F1575EF11DCFED7E00F09782 /* Release */,
			);
			defaultConfigurationIsVisible = 0;
		};
		F1575EF21DCFED7E00F09782 /* Build configuration list for PBXNativeTarget "Assignment_Day6_KienND9_SearchbarTests" */ = {
			isa = XCConfigurationList;
			buildConfigurations = (
				F1575EF31DCFED7E00F09782 /* Debug */,
				F1575EF41DCFED7E00F09782 /* Release */,
			);
			defaultConfigurationIsVisible = 0;
		};
		F1575EF51DCFED7E00F09782 /* Build configuration list for PBXNativeTarget "Assignment_Day6_KienND9_SearchbarUITests" */ = {
			isa = XCConfigurationList;
			buildConfigurations = (
				F1575EF61DCFED7E00F09782 /* Debug */,
				F1575EF71DCFED7E00F09782 /* Release */,
			);
			defaultConfigurationIsVisible = 0;
		};
/* End XCConfigurationList section */
	};
	rootObject = F1575EBF1DCFED7E00F09782 /* Project object */;
}
